{
  "version": "4",
  "specifiers": {
    "npm:discord-api-types@~0.37.115": "0.37.115"
  },
  "npm": {
    "discord-api-types@0.37.115": {
      "integrity": "sha512-ivPnJotSMrXW8HLjFu+0iCVs8zP6KSliMelhr7HgcB2ki1QzpORkb26m71l1pzSnnGfm7gb5n/VtRTtpw8kXFA=="
    }
  },
  "workspace": {
    "dependencies": [
      "npm:discord-api-types@~0.37.115"
    ]
  }
}
